{
  "version": "5",
  "specifiers": {
    "npm:@supabase/ssr@0.1": "0.1.0_@supabase+supabase-js@2.39.0",
    "npm:@supabase/supabase-js@2.39.0": "2.39.0",
    "npm:@types/node@20": "20.19.33",
    "npm:@types/react-dom@18": "18.3.7_@types+react@18.3.28",
    "npm:@types/react@18": "18.3.28",
    "npm:next@14.2.0": "14.2.0_react@18.2.0_react-dom@18.2.0__react@18.2.0",
    "npm:react-dom@18.2.0": "18.2.0_react@18.2.0",
    "npm:react@18.2.0": "18.2.0",
    "npm:typescript@^5.6.0": "5.9.3",
    "npm:zod@3.22.4": "3.22.4"
  },
  "npm": {
    "@next/env@14.2.0": {
      "integrity": "sha512-4+70ELtSbRtYUuyRpAJmKC8NHBW2x1HMje9KO2Xd7IkoyucmV9SjgO+qeWMC0JWkRQXgydv1O7yKOK8nu/rITQ=="
    },
    "@next/swc-darwin-arm64@14.2.0": {
      "integrity": "sha512-kHktLlw0AceuDnkVljJ/4lTJagLzDiO3klR1Fzl2APDFZ8r+aTxNaNcPmpp0xLMkgRwwk6sggYeqq0Rz9K4zzA==",
      "os": ["darwin"],
      "cpu": ["arm64"]
    },
    "@next/swc-darwin-x64@14.2.0": {
      "integrity": "sha512-HFSDu7lb1U3RDxXNeKH3NGRR5KyTPBSUTuIOr9jXoAso7i76gNYvnTjbuzGVWt2X5izpH908gmOYWtI7un+JrA==",
      "os": ["darwin"],
      "cpu": ["x64"]
    },
    "@next/swc-linux-arm64-gnu@14.2.0": {
      "integrity": "sha512-iQsoWziO5ZMxDWZ4ZTCAc7hbJ1C9UDj/gATSqTaMjW2bJFwAsvf9UM79AKnljBl73uPZ+V0kH4rvnHTco4Ps2w==",
      "os": ["linux"],
      "cpu": ["arm64"]
    },
    "@next/swc-linux-arm64-musl@14.2.0": {
      "integrity": "sha512-0JOk2uzLUt8fJK5LpsKKZa74zAch7bJjjgJzR9aOMs231AlE4gPYzsSm430ckZitjPGKeH5bgDZjqwqJQKIS2w==",
      "os": ["linux"],
      "cpu": ["arm64"]
    },
    "@next/swc-linux-x64-gnu@14.2.0": {
      "integrity": "sha512-uYHkuTzX0NM6biKNp7hdKTf+BF0iMV254SxO0B8PgrQkxUBKGmk5ysHKB+FYBfdf9xei/t8OIKlXJs9ckD943A==",
      "os": ["linux"],
      "cpu": ["x64"]
    },
    "@next/swc-linux-x64-musl@14.2.0": {
      "integrity": "sha512-paN89nLs2dTBDtfXWty1/NVPit+q6ldwdktixYSVwiiAz647QDCd+EIYqoiS+/rPG3oXs/A7rWcJK9HVqfnMVg==",
      "os": ["linux"],
      "cpu": ["x64"]
    },
    "@next/swc-win32-arm64-msvc@14.2.0": {
      "integrity": "sha512-j1oiidZisnymYjawFqEfeGNcE22ZQ7lGUaa4pGOCVWrWeIDkPSj8zYgS9TzMNlg17Q3wSWCQC/F5uJAhSh7qcA==",
      "os": ["win32"],
      "cpu": ["arm64"]
    },
    "@next/swc-win32-ia32-msvc@14.2.0": {
      "integrity": "sha512-6ff6F4xb+QGD1jhx/dOT9Ot7PQ/GAYekV9ykwEh2EFS/cLTyU4Y3cXkX5cNtNIhpctS5NvyjW9gIksRNErYE0A==",
      "os": ["win32"],
      "cpu": ["ia32"]
    },
    "@next/swc-win32-x64-msvc@14.2.0": {
      "integrity": "sha512-09DbG5vXAxz0eTFSf1uebWD36GF3D5toynRkgo2AlSrxwGZkWtJ1RhmrczRYQ17eD5bdo4FZ0ibiffdq5kc4vg==",
      "os": ["win32"],
      "cpu": ["x64"]
    },
    "@supabase/functions-js@2.96.0": {
      "integrity": "sha512-FG+zOrdbrVKjMlvbHa91mj8+mBS3/V2n2MM+r4kwqoxQYWQGcEhirR2udqwGqPG2tiqgfHnm1RsOWFvcubdjqQ==",
      "dependencies": [
        "tslib"
      ]
    },
    "@supabase/gotrue-js@2.96.0": {
      "integrity": "sha512-2OFkkTeNmH/cvSFkhCxSSc27Ye035ujs65ex2E+nyRxh7govGH3uhALs2vbnr5Z2ID3dLzyA+UCLM14hkwAI4Q==",
      "dependencies": [
        "tslib"
      ]
    },
    "@supabase/node-fetch@2.6.15": {
      "integrity": "sha512-1ibVeYUacxWYi9i0cf5efil6adJ9WRyZBLivgjs+AUpewx1F3xPi7gLgaASI2SmIQxPoCEjAsLAzKPgMJVgOUQ==",
      "dependencies": [
        "whatwg-url"
      ]
    },
    "@supabase/postgrest-js@1.21.4": {
      "integrity": "sha512-TxZCIjxk6/dP9abAi89VQbWWMBbybpGWyvmIzTd79OeravM13OjR/YEYeyUOPcM1C3QyvXkvPZhUfItvmhY1IQ==",
      "dependencies": [
        "@supabase/node-fetch"
      ]
    },
    "@supabase/realtime-js@2.96.0": {
      "integrity": "sha512-m4ETI6KxiGfD50h5rDkuR2zIQEc0RlfiPV8Bhs2p/NPAmctweA8yb33slsMRLaJafoytadJyo4nP9gvig93wfA==",
      "dependencies": [
        "@types/phoenix",
        "@types/ws",
        "tslib",
        "ws"
      ]
    },
    "@supabase/ssr@0.1.0_@supabase+supabase-js@2.39.0": {
      "integrity": "sha512-bIVrkqjAK5G3KjkIMKYKtAOlCgRRplEWjrlyRyXSOYtgDieiOhk2ZyNAPsEOa1By9OZVxuX5eAW1fitdnuxayw==",
      "dependencies": [
        "@supabase/supabase-js",
        "cookie",
        "ramda"
      ]
    },
    "@supabase/storage-js@2.96.0": {
      "integrity": "sha512-7dgEM77GWw9phzLHi+M2vPqOqP99MAbdk/vorpebo/t50JWWS4ckxacHHjmaeLctT4ipVcbfB8rpdbLr95fTcw==",
      "dependencies": [
        "iceberg-js",
        "tslib"
      ]
    },
    "@supabase/supabase-js@2.39.0": {
      "integrity": "sha512-cYfnwWRW5rYBbPT/BNIejtRT9ULdD9PnIExQV28PZpqcqm3PLwS4f3pY7WGB01Da63VYdvktZPKuYvreqsj/Zg==",
      "dependencies": [
        "@supabase/functions-js",
        "@supabase/gotrue-js",
        "@supabase/node-fetch",
        "@supabase/postgrest-js",
        "@supabase/realtime-js",
        "@supabase/storage-js"
      ]
    },
    "@swc/counter@0.1.3": {
      "integrity": "sha512-e2BR4lsJkkRlKZ/qCHPw9ZaSxc0MVUd7gtbtaB7aMvHeJVYe8sOB8DBZkP2DtISHGSku9sCK6T6cnY0CtXrOCQ=="
    },
    "@swc/helpers@0.5.5": {
      "integrity": "sha512-KGYxvIOXcceOAbEk4bi/dVLEK9z8sZ0uBB3Il5b1rhfClSpcX0yfRO0KmTkqR2cnQDymwLB+25ZyMzICg/cm/A==",
      "dependencies": [
        "@swc/counter",
        "tslib"
      ]
    },
    "@types/node@20.19.33": {
      "integrity": "sha512-Rs1bVAIdBs5gbTIKza/tgpMuG1k3U/UMJLWecIMxNdJFDMzcM5LOiLVRYh3PilWEYDIeUDv7bpiHPLPsbydGcw==",
      "dependencies": [
        "undici-types"
      ]
    },
    "@types/phoenix@1.6.7": {
      "integrity": "sha512-oN9ive//QSBkf19rfDv45M7eZPi0eEXylht2OLEXicu5b4KoQ1OzXIw+xDSGWxSxe1JmepRR/ZH283vsu518/Q=="
    },
    "@types/prop-types@15.7.15": {
      "integrity": "sha512-F6bEyamV9jKGAFBEmlQnesRPGOQqS2+Uwi0Em15xenOxHaf2hv6L8YCVn3rPdPJOiJfPiCnLIRyvwVaqMY3MIw=="
    },
    "@types/react-dom@18.3.7_@types+react@18.3.28": {
      "integrity": "sha512-MEe3UeoENYVFXzoXEWsvcpg6ZvlrFNlOQ7EOsvhI3CfAXwzPfO8Qwuxd40nepsYKqyyVQnTdEfv68q91yLcKrQ==",
      "dependencies": [
        "@types/react"
      ]
    },
    "@types/react@18.3.28": {
      "integrity": "sha512-z9VXpC7MWrhfWipitjNdgCauoMLRdIILQsAEV+ZesIzBq/oUlxk0m3ApZuMFCXdnS4U7KrI+l3WRUEGQ8K1QKw==",
      "dependencies": [
        "@types/prop-types",
        "csstype"
      ]
    },
    "@types/ws@8.18.1": {
      "integrity": "sha512-ThVF6DCVhA8kUGy+aazFQ4kXQ7E1Ty7A3ypFOe0IcJV8O/M511G99AW24irKrW56Wt44yG9+ij8FaqoBGkuBXg==",
      "dependencies": [
        "@types/node"
      ]
    },
    "busboy@1.6.0": {
      "integrity": "sha512-8SFQbg/0hQ9xy3UNTB0YEnsNBbWfhf7RtnzpL7TkBiTBRfrQ9Fxcnz7VJsleJpyp6rVLvXiuORqjlHi5q+PYuA==",
      "dependencies": [
        "streamsearch"
      ]
    },
    "caniuse-lite@1.0.30001770": {
      "integrity": "sha512-x/2CLQ1jHENRbHg5PSId2sXq1CIO1CISvwWAj027ltMVG2UNgW+w9oH2+HzgEIRFembL8bUlXtfbBHR1fCg2xw=="
    },
    "client-only@0.0.1": {
      "integrity": "sha512-IV3Ou0jSMzZrd3pZ48nLkT9DA7Ag1pnPzaiQhpW7c3RbcqqzvzzVu+L8gfqMp/8IM2MQtSiqaCxrrcfu8I8rMA=="
    },
    "cookie@0.5.0": {
      "integrity": "sha512-YZ3GUyn/o8gfKJlnlX7g7xq4gyO6OSuhGPKaaGssGB2qgDUS0gPgtTvoyZLTt9Ab6dC4hfc9dV5arkvc/OCmrw=="
    },
    "csstype@3.2.3": {
      "integrity": "sha512-z1HGKcYy2xA8AGQfwrn0PAy+PB7X/GSj3UVJW9qKyn43xWa+gl5nXmU4qqLMRzWVLFC8KusUX8T/0kCiOYpAIQ=="
    },
    "graceful-fs@4.2.11": {
      "integrity": "sha512-RbJ5/jmFcNNCcDV5o9eTnBLJ/HszWV0P73bc+Ff4nS/rJj+YaS6IGyiOL0VoBYX+l1Wrl3k63h/KrH+nhJ0XvQ=="
    },
    "iceberg-js@0.8.1": {
      "integrity": "sha512-1dhVQZXhcHje7798IVM+xoo/1ZdVfzOMIc8/rgVSijRK38EDqOJoGula9N/8ZI5RD8QTxNQtK/Gozpr+qUqRRA=="
    },
    "js-tokens@4.0.0": {
      "integrity": "sha512-RdJUflcE3cUzKiMqQgsCu06FPu9UdIJO0beYbPhHN4k6apgJtifcoCtT9bcxOpYBtpD2kCM6Sbzg4CausW/PKQ=="
    },
    "loose-envify@1.4.0": {
      "integrity": "sha512-lyuxPGr/Wfhrlem2CL/UcnUc1zcqKAImBDzukY7Y5F/yQiNdko6+fRLevlw1HgMySw7f611UIY408EtxRSoK3Q==",
      "dependencies": [
        "js-tokens"
      ],
      "bin": true
    },
    "nanoid@3.3.11": {
      "integrity": "sha512-N8SpfPUnUp1bK+PMYW8qSWdl9U+wwNWI4QKxOYDy9JAro3WMX7p2OeVRF9v+347pnakNevPmiHhNmZ2HbFA76w==",
      "bin": true
    },
    "next@14.2.0_react@18.2.0_react-dom@18.2.0__react@18.2.0": {
      "integrity": "sha512-2T41HqJdKPqheR27ll7MFZ3gtTYvGew7cUc0PwPSyK9Ao5vvwpf9bYfP4V5YBGLckHF2kEGvrLte5BqLSv0s8g==",
      "dependencies": [
        "@next/env",
        "@swc/helpers",
        "busboy",
        "caniuse-lite",
        "graceful-fs",
        "postcss",
        "react",
        "react-dom",
        "styled-jsx"
      ],
      "optionalDependencies": [
        "@next/swc-darwin-arm64",
        "@next/swc-darwin-x64",
        "@next/swc-linux-arm64-gnu",
        "@next/swc-linux-arm64-musl",
        "@next/swc-linux-x64-gnu",
        "@next/swc-linux-x64-musl",
        "@next/swc-win32-arm64-msvc",
        "@next/swc-win32-ia32-msvc",
        "@next/swc-win32-x64-msvc"
      ],
      "deprecated": true,
      "bin": true
    },
    "picocolors@1.1.1": {
      "integrity": "sha512-xceH2snhtb5M9liqDsmEw56le376mTZkEX/jEb/RxNFyegNul7eNslCXP9FDj/Lcu0X8KEyMceP2ntpaHrDEVA=="
    },
    "postcss@8.4.31": {
      "integrity": "sha512-PS08Iboia9mts/2ygV3eLpY5ghnUcfLV/EXTOW1E2qYxJKGGBUtNjN76FYHnMs36RmARn41bC0AZmn+rR0OVpQ==",
      "dependencies": [
        "nanoid",
        "picocolors",
        "source-map-js"
      ]
    },
    "ramda@0.29.1": {
      "integrity": "sha512-OfxIeWzd4xdUNxlWhgFazxsA/nl3mS4/jGZI5n00uWOoSSFRhC1b6gl6xvmzUamgmqELraWp0J/qqVlXYPDPyA=="
    },
    "react-dom@18.2.0_react@18.2.0": {
      "integrity": "sha512-6IMTriUmvsjHUjNtEDudZfuDQUoWXVxKHhlEGSk81n4YFS+r/Kl99wXiwlVXtPBtJenozv2P+hxDsw9eA7Xo6g==",
      "dependencies": [
        "loose-envify",
        "react",
        "scheduler"
      ]
    },
    "react@18.2.0": {
      "integrity": "sha512-/3IjMdb2L9QbBdWiW5e3P2/npwMBaU9mHCSCUzNln0ZCYbcfTsGbTJrU/kGemdH2IWmB2ioZ+zkxtmq6g09fGQ==",
      "dependencies": [
        "loose-envify"
      ]
    },
    "scheduler@0.23.2": {
      "integrity": "sha512-UOShsPwz7NrMUqhR6t0hWjFduvOzbtv7toDH1/hIrfRNIDBnnBWd0CwJTGvTpngVlmwGCdP9/Zl/tVrDqcuYzQ==",
      "dependencies": [
        "loose-envify"
      ]
    },
    "source-map-js@1.2.1": {
      "integrity": "sha512-UXWMKhLOwVKb728IUtQPXxfYU+usdybtUrK/8uGE8CQMvrhOpwvzDBwj0QhSL7MQc7vIsISBG8VQ8+IDQxpfQA=="
    },
    "streamsearch@1.1.0": {
      "integrity": "sha512-Mcc5wHehp9aXz1ax6bZUyY5afg9u2rv5cqQI3mRrYkGC8rW2hM02jWuwjtL++LS5qinSyhj2QfLyNsuc+VsExg=="
    },
    "styled-jsx@5.1.1_react@18.2.0": {
      "integrity": "sha512-pW7uC1l4mBZ8ugbiZrcIsiIvVx1UmTfw7UkC3Um2tmfUq9Bhk8IiyEIPl6F8agHgjzku6j0xQEZbfA5uSgSaCw==",
      "dependencies": [
        "client-only",
        "react"
      ]
    },
    "tr46@0.0.3": {
      "integrity": "sha512-N3WMsuqV66lT30CrXNbEjx4GEwlow3v6rr4mCcv6prnfwhS01rkgyFdjPNBYd9br7LpXV1+Emh01fHnq2Gdgrw=="
    },
    "tslib@2.8.1": {
      "integrity": "sha512-oJFu94HQb+KVduSUQL7wnpmqnfmLsOA/nAh6b6EH0wCEoK0/mPeXU6c3wKDV83MkOuHPRHtSXKKU99IBazS/2w=="
    },
    "typescript@5.9.3": {
      "integrity": "sha512-jl1vZzPDinLr9eUt3J/t7V6FgNEw9QjvBPdysz9KfQDD41fQrC2Y4vKQdiaUpFT4bXlb1RHhLpp8wtm6M5TgSw==",
      "bin": true
    },
    "undici-types@6.21.0": {
      "integrity": "sha512-iwDZqg0QAGrg9Rav5H4n0M64c3mkR59cJ6wQp+7C4nI0gsmExaedaYLNO44eT4AtBBwjbTiGPMlt2Md0T9H9JQ=="
    },
    "webidl-conversions@3.0.1": {
      "integrity": "sha512-2JAn3z8AR6rjK8Sm8orRC0h/bcl/DqL7tRPdGZ4I1CjdF+EaMLmYxBHyXuKL849eucPFhvBoxMsflfOb8kxaeQ=="
    },
    "whatwg-url@5.0.0": {
      "integrity": "sha512-saE57nupxk6v3HY35+jzBwYa0rKSy0XR8JSxZPwgLr7ys0IBzhGviA1/TUGJLmSVqs8pb9AnvICXEuOHLprYTw==",
      "dependencies": [
        "tr46",
        "webidl-conversions"
      ]
    },
    "ws@8.19.0": {
      "integrity": "sha512-blAT2mjOEIi0ZzruJfIhb3nps74PRWTCz1IjglWEEpQl5XS/UNama6u2/rjFkDDouqr4L67ry+1aGIALViWjDg=="
    },
    "zod@3.22.4": {
      "integrity": "sha512-iC+8Io04lddc+mVqQ9AZ7OQ2MrUKGN+oIQyq1vemgt46jwCwLfhq7/pwnBnNXXXZb8VTVLKwp9EDkx+ryxIWmg=="
    }
  },
  "redirects": {
    "https://esm.sh/@supabase/functions-js@^2.1.5?target=denonext": "https://esm.sh/@supabase/functions-js@2.96.0?target=denonext",
    "https://esm.sh/@supabase/gotrue-js@^2.56.0?target=denonext": "https://esm.sh/@supabase/gotrue-js@2.96.0?target=denonext",
    "https://esm.sh/@supabase/node-fetch@^2.6.14?target=denonext": "https://esm.sh/@supabase/node-fetch@2.6.15?target=denonext",
    "https://esm.sh/@supabase/postgrest-js@^1.8.6?target=denonext": "https://esm.sh/@supabase/postgrest-js@1.21.4?target=denonext",
    "https://esm.sh/@supabase/realtime-js@^2.8.4?target=denonext": "https://esm.sh/@supabase/realtime-js@2.96.0?target=denonext",
    "https://esm.sh/@supabase/storage-js@^2.5.4?target=denonext": "https://esm.sh/@supabase/storage-js@2.96.0?target=denonext",
    "https://esm.sh/iceberg-js@^0.8.1?target=denonext": "https://esm.sh/iceberg-js@0.8.1?target=denonext",
    "https://esm.sh/tr46@~0.0.3?target=denonext": "https://esm.sh/tr46@0.0.3?target=denonext",
    "https://esm.sh/webidl-conversions@^3.0.0?target=denonext": "https://esm.sh/webidl-conversions@3.0.1?target=denonext",
    "https://esm.sh/whatwg-url@^5.0.0?target=denonext": "https://esm.sh/whatwg-url@5.0.0?target=denonext"
  },
  "remote": {
    "https://deno.land/std@0.177.0/async/abortable.ts": "73acfb3ed7261ce0d930dbe89e43db8d34e017b063cf0eaa7d215477bf53442e",
    "https://deno.land/std@0.177.0/async/deadline.ts": "c5facb0b404eede83e38bd2717ea8ab34faa2ffb20ef87fd261fcba32ba307aa",
    "https://deno.land/std@0.177.0/async/debounce.ts": "adab11d04ca38d699444ac8a9d9856b4155e8dda2afd07ce78276c01ea5a4332",
    "https://deno.land/std@0.177.0/async/deferred.ts": "42790112f36a75a57db4a96d33974a936deb7b04d25c6084a9fa8a49f135def8",
    "https://deno.land/std@0.177.0/async/delay.ts": "73aa04cec034c84fc748c7be49bb15cac3dd43a57174bfdb7a4aec22c248f0dd",
    "https://deno.land/std@0.177.0/async/mod.ts": "f04344fa21738e5ad6bea37a6bfffd57c617c2d372bb9f9dcfd118a1b622e576",
    "https://deno.land/std@0.177.0/async/mux_async_iterator.ts": "70c7f2ee4e9466161350473ad61cac0b9f115cff4c552eaa7ef9d50c4cbb4cc9",
    "https://deno.land/std@0.177.0/async/pool.ts": "fd082bd4aaf26445909889435a5c74334c017847842ec035739b4ae637ae8260",
    "https://deno.land/std@0.177.0/async/retry.ts": "5efa3ba450ac0c07a40a82e2df296287b5013755d232049efd7ea2244f15b20f",
    "https://deno.land/std@0.177.0/async/tee.ts": "47e42d35f622650b02234d43803d0383a89eb4387e1b83b5a40106d18ae36757",
    "https://deno.land/std@0.177.0/http/server.ts": "cbb17b594651215ba95c01a395700684e569c165a567e4e04bba327f41197433",
    "https://deno.land/x/zod@v3.22.4/ZodError.ts": "4de18ff525e75a0315f2c12066b77b5c2ae18c7c15ef7df7e165d63536fdf2ea",
    "https://deno.land/x/zod@v3.22.4/errors.ts": "5285922d2be9700cc0c70c95e4858952b07ae193aa0224be3cbd5cd5567eabef",
    "https://deno.land/x/zod@v3.22.4/external.ts": "a6cfbd61e9e097d5f42f8a7ed6f92f93f51ff927d29c9fbaec04f03cbce130fe",
    "https://deno.land/x/zod@v3.22.4/helpers/enumUtil.ts": "54efc393cc9860e687d8b81ff52e980def00fa67377ad0bf8b3104f8a5bf698c",
    "https://deno.land/x/zod@v3.22.4/helpers/errorUtil.ts": "7a77328240be7b847af6de9189963bd9f79cab32bbc61502a9db4fe6683e2ea7",
    "https://deno.land/x/zod@v3.22.4/helpers/parseUtil.ts": "f791e6e65a0340d85ad37d26cd7a3ba67126cd9957eac2b7163162155283abb1",
    "https://deno.land/x/zod@v3.22.4/helpers/partialUtil.ts": "998c2fe79795257d4d1cf10361e74492f3b7d852f61057c7c08ac0a46488b7e7",
    "https://deno.land/x/zod@v3.22.4/helpers/typeAliases.ts": "0fda31a063c6736fc3cf9090dd94865c811dfff4f3cb8707b932bf937c6f2c3e",
    "https://deno.land/x/zod@v3.22.4/helpers/util.ts": "8baf19b19b2fca8424380367b90364b32503b6b71780269a6e3e67700bb02774",
    "https://deno.land/x/zod@v3.22.4/index.ts": "d27aabd973613985574bc31f39e45cb5d856aa122ef094a9f38a463b8ef1a268",
    "https://deno.land/x/zod@v3.22.4/locales/en.ts": "a7a25cd23563ccb5e0eed214d9b31846305ddbcdb9c5c8f508b108943366ab4c",
    "https://deno.land/x/zod@v3.22.4/mod.ts": "64e55237cb4410e17d968cd08975566059f27638ebb0b86048031b987ba251c4",
    "https://deno.land/x/zod@v3.22.4/types.ts": "724185522fafe43ee56a52333958764c8c8cd6ad4effa27b42651df873fc151e",
    "https://esm.sh/@supabase/functions-js@2.96.0/denonext/functions-js.mjs": "5323f4fbc0127e5855d6456046b6437d0a04fc211b9614e374107dacddb07a87",
    "https://esm.sh/@supabase/functions-js@2.96.0?target=denonext": "64569b3837d8c9f0fb93d445680e796af4e683c1ba20e94232e408583cfb7e98",
    "https://esm.sh/@supabase/gotrue-js@2.96.0/denonext/gotrue-js.mjs": "e52286ff7f885e508aaa0dcb833fe28df8d2d123d528c0df2ec1b3de2f3f699f",
    "https://esm.sh/@supabase/gotrue-js@2.96.0?target=denonext": "537984b57b0215b13c47ce64c9b2ef72c12c39c36857e377d6096c97df3d10a1",
    "https://esm.sh/@supabase/node-fetch@2.6.15/denonext/node-fetch.mjs": "0bae9052231f4f6dbccc7234d05ea96923dbf967be12f402764580b6bf9f713d",
    "https://esm.sh/@supabase/node-fetch@2.6.15?target=denonext": "4d28c4ad97328403184353f68434f2b6973971507919e9150297413664919cf3",
    "https://esm.sh/@supabase/postgrest-js@1.21.4/denonext/postgrest-js.mjs": "c3769b11ef02debc78ecf6ab4e152d3cf7dbd05bbbafeb72c160e76cc57cda3c",
    "https://esm.sh/@supabase/postgrest-js@1.21.4?target=denonext": "db2315bc0ff19690cd4239c5adb5f5787f5dea04955058ef1fca541d49555ed6",
    "https://esm.sh/@supabase/realtime-js@2.96.0/denonext/realtime-js.mjs": "d0c5ff2e45fc6e2e6059b5d9deb3552509cd1bc6478362554d87254156b3e10c",
    "https://esm.sh/@supabase/realtime-js@2.96.0?target=denonext": "ba9d9506f8991f5d3068ec7222ea87a031e5324330cf60a5c157691b4a3c51b9",
    "https://esm.sh/@supabase/storage-js@2.96.0/denonext/storage-js.mjs": "3cfd15a8d4c806a5e2eb511630a2bbdd66ca736b552788bd0feb1644d18fdfe7",
    "https://esm.sh/@supabase/storage-js@2.96.0?target=denonext": "5a11bea60b5512f53727d7ab29c180057b499d84d90da5f8fce63dc23fdedc67",
    "https://esm.sh/@supabase/supabase-js@2.39.0": "f51aeb2dbf8f67c8fa396628af45793e3513067d45705f1ea158f5c678bb0cea",
    "https://esm.sh/@supabase/supabase-js@2.39.0/denonext/supabase-js.mjs": "11e53e706626aa625a6c6dbe6a9a8a6dc6d66a0827cd43507f3a98a0a538ae3c",
    "https://esm.sh/iceberg-js@0.8.1/denonext/iceberg-js.mjs": "d839d81a2e3966500ca2cdd0c1cb458e9608bacfc91f7bb67a69b2e878dcdb4f",
    "https://esm.sh/iceberg-js@0.8.1?target=denonext": "58c849d7fe2bf4eca4a84eb501e83c161a7d8c34ca1bec15a962b3bec3062633",
    "https://esm.sh/tr46@0.0.3/denonext/tr46.mjs": "5753ec0a99414f4055f0c1f97691100f13d88e48a8443b00aebb90a512785fa2",
    "https://esm.sh/tr46@0.0.3?target=denonext": "19cb9be0f0d418a0c3abb81f2df31f080e9540a04e43b0f699bce1149cba0cbb",
    "https://esm.sh/tslib@2.8.1/denonext/tslib.mjs": "c38da5dd6da6281964435002ce204cd586634fe3bdfb24a0ee116f48cf3292e9",
    "https://esm.sh/webidl-conversions@3.0.1/denonext/webidl-conversions.mjs": "238cd0743827707cbc1c2d7c2cf1027dbc536fb53ec9a3fde0ff8026a3ac5385",
    "https://esm.sh/webidl-conversions@3.0.1?target=denonext": "4e20318d50528084616c79d7b3f6e7f0fe7b6d09013bd01b3974d7448d767e29",
    "https://esm.sh/whatwg-url@5.0.0/denonext/whatwg-url.mjs": "29b16d74ee72624c915745bbd25b617cfd2248c6af0f5120d131e232a9a9af79",
    "https://esm.sh/whatwg-url@5.0.0?target=denonext": "f001a2cadf81312d214ca330033f474e74d81a003e21e8c5d70a1f46dc97b02d"
  },
  "workspace": {
    "dependencies": [
      "npm:@supabase/supabase-js@2.39.0",
      "npm:zod@3.22.4"
    ],
    "packageJson": {
      "dependencies": [
        "npm:@supabase/ssr@0.1",
        "npm:@types/node@20",
        "npm:@types/react-dom@18",
        "npm:@types/react@18",
        "npm:next@14.2.0",
        "npm:react-dom@18.2.0",
        "npm:react@18.2.0",
        "npm:typescript@^5.6.0"
      ]
    }
  }
}
